
Microsoft Visual Studio Solution File, Format Version 12.00
# Visual Studio Version 16
VisualStudioVersion = 16.0.32002.261
MinimumVisualStudioVersion = 10.0.40219.1
Project("{9A19103F-16F7-4668-BE54-9A1E7A4F7556}") = "Variable", "Variable.csproj", "{816FC644-F307-4BB5-ABD1-4621896EF10E}"
EndProject
Project("{9A19103F-16F7-4668-BE54-9A1E7A4F7556}") = "TypeConv", "TypeConv\TypeConv.csproj", "{7A1D2A50-4214-4AEE-BE7F-C8F14864F4F9}"
EndProject
Project("{9A19103F-16F7-4668-BE54-9A1E7A4F7556}") = "Constructor", "Constructor\Constructor.csproj", "{C232CFF9-DA6D-4983-8449-61ACB68056DC}"
EndProject
Project("{9A19103F-16F7-4668-BE54-9A1E7A4F7556}") = "MethodOverLoading", "MethodOverLoading\MethodOverLoading.csproj", "{AF6521ED-79E8-4230-8F2E-FFBD841D2BDD}"
EndProject
Project("{9A19103F-16F7-4668-BE54-9A1E7A4F7556}") = "StopWatch", "StopWatch\StopWatch.csproj", "{8D56FF96-12F6-4025-9C30-956565D9A765}"
EndProject
Project("{FAE04EC0-301F-11D3-BF4B-00C04F79EFBC}") = "Sbuilder", "StringBuilder\Sbuilder.csproj", "{19BF0AA5-CCD8-421E-B607-F52620F15D11}"
EndProject
Global
	GlobalSection(SolutionConfigurationPlatforms) = preSolution
		Debug|Any CPU = Debug|Any CPU
		Release|Any CPU = Release|Any CPU
	EndGlobalSection
	GlobalSection(ProjectConfigurationPlatforms) = postSolution
		{816FC644-F307-4BB5-ABD1-4621896EF10E}.Debug|Any CPU.ActiveCfg = Debug|Any CPU
		{816FC644-F307-4BB5-ABD1-4621896EF10E}.Debug|Any CPU.Build.0 = Debug|Any CPU
		{816FC644-F307-4BB5-ABD1-4621896EF10E}.Release|Any CPU.ActiveCfg = Release|Any CPU
		{816FC644-F307-4BB5-ABD1-4621896EF10E}.Release|Any CPU.Build.0 = Release|Any CPU
		{7A1D2A50-4214-4AEE-BE7F-C8F14864F4F9}.Debug|Any CPU.ActiveCfg = Debug|Any CPU
		{7A1D2A50-4214-4AEE-BE7F-C8F14864F4F9}.Debug|Any CPU.Build.0 = Debug|Any CPU
		{7A1D2A50-4214-4AEE-BE7F-C8F14864F4F9}.Release|Any CPU.ActiveCfg = Release|Any CPU
		{7A1D2A50-4214-4AEE-BE7F-C8F14864F4F9}.Release|Any CPU.Build.0 = Release|Any CPU
		{C232CFF9-DA6D-4983-8449-61ACB68056DC}.Debug|Any CPU.ActiveCfg = Debug|Any CPU
		{C232CFF9-DA6D-4983-8449-61ACB68056DC}.Debug|Any CPU.Build.0 = Debug|Any CPU
		{C232CFF9-DA6D-4983-8449-61ACB68056DC}.Release|Any CPU.ActiveCfg = Release|Any CPU
		{C232CFF9-DA6D-4983-8449-61ACB68056DC}.Release|Any CPU.Build.0 = Release|Any CPU
		{AF6521ED-79E8-4230-8F2E-FFBD841D2BDD}.Debug|Any CPU.ActiveCfg = Debug|Any CPU
		{AF6521ED-79E8-4230-8F2E-FFBD841D2BDD}.Debug|Any CPU.Build.0 = Debug|Any CPU
		{AF6521ED-79E8-4230-8F2E-FFBD841D2BDD}.Release|Any CPU.ActiveCfg = Release|Any CPU
		{AF6521ED-79E8-4230-8F2E-FFBD841D2BDD}.Release|Any CPU.Build.0 = Release|Any CPU
		{8D56FF96-12F6-4025-9C30-956565D9A765}.Debug|Any CPU.ActiveCfg = Debug|Any CPU
		{8D56FF96-12F6-4025-9C30-956565D9A765}.Debug|Any CPU.Build.0 = Debug|Any CPU
		{8D56FF96-12F6-4025-9C30-956565D9A765}.Release|Any CPU.ActiveCfg = Release|Any CPU
		{8D56FF96-12F6-4025-9C30-956565D9A765}.Release|Any CPU.Build.0 = Release|Any CPU
		{19BF0AA5-CCD8-421E-B607-F52620F15D11}.Debug|Any CPU.ActiveCfg = Debug|Any CPU
		{19BF0AA5-CCD8-421E-B607-F52620F15D11}.Debug|Any CPU.Build.0 = Debug|Any CPU
		{19BF0AA5-CCD8-421E-B607-F52620F15D11}.Release|Any CPU.ActiveCfg = Release|Any CPU
		{19BF0AA5-CCD8-421E-B607-F52620F15D11}.Release|Any CPU.Build.0 = Release|Any CPU
	EndGlobalSection
	GlobalSection(SolutionProperties) = preSolution
		HideSolutionNode = FALSE
	EndGlobalSection
	GlobalSection(ExtensibilityGlobals) = postSolution
		SolutionGuid = {C673362E-8088-4B89-99B3-35D3BC53142A}
	EndGlobalSection
EndGlobal
